// !$*UTF8*$!
{
	archiveVersion = 1;
	classes = {
	};
	objectVersion = 50;
	objects = {

/* Begin PBXBuildFile section */
		8E4C7CBD231906160015717B /* AppDelegate.swift in Sources */ = {isa = PBXBuildFile; fileRef = 8E4C7CBC231906160015717B /* AppDelegate.swift */; };
		8E4C7CBF231906160015717B /* MainViewController.swift in Sources */ = {isa = PBXBuildFile; fileRef = 8E4C7CBE231906160015717B /* MainViewController.swift */; };
		8E4C7CC2231906160015717B /* Main.storyboard in Resources */ = {isa = PBXBuildFile; fileRef = 8E4C7CC0231906160015717B /* Main.storyboard */; };
		8E4C7CC4231906170015717B /* Assets.xcassets in Resources */ = {isa = PBXBuildFile; fileRef = 8E4C7CC3231906170015717B /* Assets.xcassets */; };
		8E4C7CC7231906170015717B /* LaunchScreen.storyboard in Resources */ = {isa = PBXBuildFile; fileRef = 8E4C7CC5231906170015717B /* LaunchScreen.storyboard */; };
		8E4C7CD02319081A0015717B /* App.swift in Sources */ = {isa = PBXBuildFile; fileRef = 8E4C7CCF2319081A0015717B /* App.swift */; };
		8E4C7CD6231909840015717B /* LoginViewController.swift in Sources */ = {isa = PBXBuildFile; fileRef = 8E4C7CD5231909840015717B /* LoginViewController.swift */; };
		8E4C7CD923190A930015717B /* UIStoryboard+ViewControllers.swift in Sources */ = {isa = PBXBuildFile; fileRef = 8E4C7CD823190A930015717B /* UIStoryboard+ViewControllers.swift */; };
/* End PBXBuildFile section */

/* Begin PBXFileReference section */
		8E4C7CB9231906160015717B /* ZomatoApp.app */ = {isa = PBXFileReference; explicitFileType = wrapper.application; includeInIndex = 0; path = ZomatoApp.app; sourceTree = BUILT_PRODUCTS_DIR; };
		8E4C7CBC231906160015717B /* AppDelegate.swift */ = {isa = PBXFileReference; lastKnownFileType = sourcecode.swift; path = AppDelegate.swift; sourceTree = "<group>"; };
		8E4C7CBE231906160015717B /* MainViewController.swift */ = {isa = PBXFileReference; lastKnownFileType = sourcecode.swift; path = MainViewController.swift; sourceTree = "<group>"; };
		8E4C7CC1231906160015717B /* Base */ = {isa = PBXFileReference; lastKnownFileType = file.storyboard; name = Base; path = Base.lproj/Main.storyboard; sourceTree = "<group>"; };
		8E4C7CC3231906170015717B /* Assets.xcassets */ = {isa = PBXFileReference; lastKnownFileType = folder.assetcatalog; path = Assets.xcassets; sourceTree = "<group>"; };
		8E4C7CC6231906170015717B /* Base */ = {isa = PBXFileReference; lastKnownFileType = file.storyboard; name = Base; path = Base.lproj/LaunchScreen.storyboard; sourceTree = "<group>"; };
		8E4C7CC8231906170015717B /* Info.plist */ = {isa = PBXFileReference; lastKnownFileType = text.plist.xml; path = Info.plist; sourceTree = "<group>"; };
		8E4C7CCF2319081A0015717B /* App.swift */ = {isa = PBXFileReference; lastKnownFileType = sourcecode.swift; path = App.swift; sourceTree = "<group>"; };
		8E4C7CD12319083C0015717B /* Bridging-Header.h */ = {isa = PBXFileReference; lastKnownFileType = sourcecode.c.h; path = "Bridging-Header.h"; sourceTree = "<group>"; };
		8E4C7CD5231909840015717B /* LoginViewController.swift */ = {isa = PBXFileReference; lastKnownFileType = sourcecode.swift; path = LoginViewController.swift; sourceTree = "<group>"; };
		8E4C7CD823190A930015717B /* UIStoryboard+ViewControllers.swift */ = {isa = PBXFileReference; lastKnownFileType = sourcecode.swift; path = "UIStoryboard+ViewControllers.swift"; sourceTree = "<group>"; };
/* End PBXFileReference section */

/* Begin PBXFrameworksBuildPhase section */
		8E4C7CB6231906160015717B /* Frameworks */ = {
			isa = PBXFrameworksBuildPhase;
			buildActionMask = 2147483647;
			files = (
			);
			runOnlyForDeploymentPostprocessing = 0;
		};
/* End PBXFrameworksBuildPhase section */

/* Begin PBXGroup section */
		8E4C7CB0231906160015717B = {
			isa = PBXGroup;
			children = (
				8E4C7CD12319083C0015717B /* Bridging-Header.h */,
				8E4C7CBB231906160015717B /* ZomatoApp */,
				8E4C7CBA231906160015717B /* Products */,
			);
			sourceTree = "<group>";
		};
		8E4C7CBA231906160015717B /* Products */ = {
			isa = PBXGroup;
			children = (
				8E4C7CB9231906160015717B /* ZomatoApp.app */,
			);
			name = Products;
			sourceTree = "<group>";
		};
		8E4C7CBB231906160015717B /* ZomatoApp */ = {
			isa = PBXGroup;
			children = (
				8E4C7CCE2319080D0015717B /* App */,
				8E4C7CD723190A7A0015717B /* Utils */,
				8E4C7CD22319095E0015717B /* Scenes */,
				8E4C7CC3231906170015717B /* Assets.xcassets */,
				8E4C7CC5231906170015717B /* LaunchScreen.storyboard */,
				8E4C7CC8231906170015717B /* Info.plist */,
			);
			path = ZomatoApp;
			sourceTree = "<group>";
		};
		8E4C7CCE2319080D0015717B /* App */ = {
			isa = PBXGroup;
			children = (
				8E4C7CBC231906160015717B /* AppDelegate.swift */,
				8E4C7CCF2319081A0015717B /* App.swift */,
			);
			path = App;
			sourceTree = "<group>";
		};
		8E4C7CD22319095E0015717B /* Scenes */ = {
			isa = PBXGroup;
			children = (
				8E4C7CDA23191A980015717B /* Storyboards */,
				8E4C7CD4231909790015717B /* Login */,
				8E4C7CD3231909670015717B /* Main */,
			);
			path = Scenes;
			sourceTree = "<group>";
		};
		8E4C7CD3231909670015717B /* Main */ = {
			isa = PBXGroup;
			children = (
				8E4C7CBE231906160015717B /* MainViewController.swift */,
			);
			path = Main;
			sourceTree = "<group>";
		};
		8E4C7CD4231909790015717B /* Login */ = {
			isa = PBXGroup;
			children = (
				8E4C7CD5231909840015717B /* LoginViewController.swift */,
			);
			path = Login;
			sourceTree = "<group>";
		};
		8E4C7CD723190A7A0015717B /* Utils */ = {
			isa = PBXGroup;
			children = (
				8E4C7CD823190A930015717B /* UIStoryboard+ViewControllers.swift */,
			);
			path = Utils;
			sourceTree = "<group>";
		};
		8E4C7CDA23191A980015717B /* Storyboards */ = {
			isa = PBXGroup;
			children = (
				8E4C7CC0231906160015717B /* Main.storyboard */,
			);
			path = Storyboards;
			sourceTree = "<group>";
		};
/* End PBXGroup section */

/* Begin PBXNativeTarget section */
		8E4C7CB8231906160015717B /* ZomatoApp */ = {
			isa = PBXNativeTarget;
			buildConfigurationList = 8E4C7CCB231906170015717B /* Build configuration list for PBXNativeTarget "ZomatoApp" */;
			buildPhases = (
				8E4C7CB5231906160015717B /* Sources */,
				8E4C7CB6231906160015717B /* Frameworks */,
				8E4C7CB7231906160015717B /* Resources */,
			);
			buildRules = (
			);
			dependencies = (
			);
			name = ZomatoApp;
			productName = ZomatoApp;
			productReference = 8E4C7CB9231906160015717B /* ZomatoApp.app */;
			productType = "com.apple.product-type.application";
		};
/* End PBXNativeTarget section */

/* Begin PBXProject section */
		8E4C7CB1231906160015717B /* Project object */ = {
			isa = PBXProject;
			attributes = {
				LastSwiftUpdateCheck = 1020;
				LastUpgradeCheck = 1020;
				ORGANIZATIONNAME = nguyen.duc.huyb;
				TargetAttributes = {
					8E4C7CB8231906160015717B = {
						CreatedOnToolsVersion = 10.2.1;
					};
				};
			};
			buildConfigurationList = 8E4C7CB4231906160015717B /* Build configuration list for PBXProject "ZomatoApp" */;
			compatibilityVersion = "Xcode 9.3";
			developmentRegion = en;
			hasScannedForEncodings = 0;
			knownRegions = (
				en,
				Base,
			);
			mainGroup = 8E4C7CB0231906160015717B;
			productRefGroup = 8E4C7CBA231906160015717B /* Products */;
			projectDirPath = "";
			projectRoot = "";
			targets = (
				8E4C7CB8231906160015717B /* ZomatoApp */,
			);
		};
/* End PBXProject section */

/* Begin PBXResourcesBuildPhase section */
		8E4C7CB7231906160015717B /* Resources */ = {
			isa = PBXResourcesBuildPhase;
			buildActionMask = 2147483647;
			files = (
				8E4C7CC7231906170015717B /* LaunchScreen.storyboard in Resources */,
				8E4C7CC4231906170015717B /* Assets.xcassets in Resources */,
				8E4C7CC2231906160015717B /* Main.storyboard in Resources */,
			);
			runOnlyForDeploymentPostprocessing = 0;
		};
/* End PBXResourcesBuildPhase section */

/* Begin PBXSourcesBuildPhase section */
		8E4C7CB5231906160015717B /* Sources */ = {
			isa = PBXSourcesBuildPhase;
			buildActionMask = 2147483647;
			files = (
				8E4C7CD6231909840015717B /* LoginViewController.swift in Sources */,
				8E4C7CD923190A930015717B /* UIStoryboard+ViewControllers.swift in Sources */,
				8E4C7CD02319081A0015717B /* App.swift in Sources */,
				8E4C7CBF231906160015717B /* MainViewController.swift in Sources */,
				8E4C7CBD231906160015717B /* AppDelegate.swift in Sources */,
			);
			runOnlyForDeploymentPostprocessing = 0;
		};
/* End PBXSourcesBuildPhase section */

/* Begin PBXVariantGroup section */
		8E4C7CC0231906160015717B /* Main.storyboard */ = {
			isa = PBXVariantGroup;
			children = (
				8E4C7CC1231906160015717B /* Base */,
			);
			name = Main.storyboard;
			sourceTree = "<group>";
		};
		8E4C7CC5231906170015717B /* LaunchScreen.storyboard */ = {
			isa = PBXVariantGroup;
			children = (
				8E4C7CC6231906170015717B /* Base */,
			);
			name = LaunchScreen.storyboard;
			sourceTree = "<group>";
		};
/* End PBXVariantGroup section */

/* Begin XCBuildConfiguration section */
		8E4C7CC9231906170015717B /* Debug */ = {
			isa = XCBuildConfiguration;
			buildSettings = {
				ALWAYS_SEARCH_USER_PATHS = NO;
				CLANG_ANALYZER_NONNULL = YES;
				CLANG_ANALYZER_NUMBER_OBJECT_CONVERSION = YES_AGGRESSIVE;
				CLANG_CXX_LANGUAGE_STANDARD = "gnu++14";
				CLANG_CXX_LIBRARY = "libc++";
				CLANG_ENABLE_MODULES = YES;
				CLANG_ENABLE_OBJC_ARC = YES;
				CLANG_ENABLE_OBJC_WEAK = YES;
				CLANG_WARN_BLOCK_CAPTURE_AUTORELEASING = YES;
				CLANG_WARN_BOOL_CONVERSION = YES;
				CLANG_WARN_COMMA = YES;
				CLANG_WARN_CONSTANT_CONVERSION = YES;
				CLANG_WARN_DEPRECATED_OBJC_IMPLEMENTATIONS = YES;
				CLANG_WARN_DIRECT_OBJC_ISA_USAGE = YES_ERROR;
				CLANG_WARN_DOCUMENTATION_COMMENTS = YES;
				CLANG_WARN_EMPTY_BODY = YES;
				CLANG_WARN_ENUM_CONVERSION = YES;
				CLANG_WARN_INFINITE_RECURSION = YES;
				CLANG_WARN_INT_CONVERSION = YES;
				CLANG_WARN_NON_LITERAL_NULL_CONVERSION = YES;
				CLANG_WARN_OBJC_IMPLICIT_RETAIN_SELF = YES;
				CLANG_WARN_OBJC_LITERAL_CONVERSION = YES;
				CLANG_WARN_OBJC_ROOT_CLASS = YES_ERROR;
				CLANG_WARN_RANGE_LOOP_ANALYSIS = YES;
				CLANG_WARN_STRICT_PROTOTYPES = YES;
				CLANG_WARN_SUSPICIOUS_MOVE = YES;
				CLANG_WARN_UNGUARDED_AVAILABILITY = YES_AGGRESSIVE;
				CLANG_WARN_UNREACHABLE_CODE = YES;
				CLANG_WARN__DUPLICATE_METHOD_MATCH = YES;
				CODE_SIGN_IDENTITY = "iPhone Developer";
				COPY_PHASE_STRIP = NO;
				DEBUG_INFORMATION_FORMAT = dwarf;
				ENABLE_STRICT_OBJC_MSGSEND = YES;
				ENABLE_TESTABILITY = YES;
				GCC_C_LANGUAGE_STANDARD = gnu11;
				GCC_DYNAMIC_NO_PIC = NO;
				GCC_NO_COMMON_BLOCKS = YES;
				GCC_OPTIMIZATION_LEVEL = 0;
				GCC_PREPROCESSOR_DEFINITIONS = (
					"DEBUG=1",
					"$(inherited)",
				);
				GCC_WARN_64_TO_32_BIT_CONVERSION = YES;
				GCC_WARN_ABOUT_RETURN_TYPE = YES_ERROR;
				GCC_WARN_UNDECLARED_SELECTOR = YES;
				GCC_WARN_UNINITIALIZED_AUTOS = YES_AGGRESSIVE;
				GCC_WARN_UNUSED_FUNCTION = YES;
				GCC_WARN_UNUSED_VARIABLE = YES;
				IPHONEOS_DEPLOYMENT_TARGET = 12.2;
				MTL_ENABLE_DEBUG_INFO = INCLUDE_SOURCE;
				MTL_FAST_MATH = YES;
				ONLY_ACTIVE_ARCH = YES;
				SDKROOT = iphoneos;
				SWIFT_ACTIVE_COMPILATION_CONDITIONS = DEBUG;
				SWIFT_OBJC_BRIDGING_HEADER = "~/Bridging-Header.h";
				SWIFT_OPTIMIZATION_LEVEL = "-Onone";
			};
			name = Debug;
		};
		8E4C7CCA231906170015717B /* Release */ = {
			isa = XCBuildConfiguration;
			buildSettings = {
				ALWAYS_SEARCH_USER_PATHS = NO;
				CLANG_ANALYZER_NONNULL = YES;
				CLANG_ANALYZER_NUMBER_OBJECT_CONVERSION = YES_AGGRESSIVE;
				CLANG_CXX_LANGUAGE_STANDARD = "gnu++14";
				CLANG_CXX_LIBRARY = "libc++";
				CLANG_ENABLE_MODULES = YES;
				CLANG_ENABLE_OBJC_ARC = YES;
				CLANG_ENABLE_OBJC_WEAK = YES;
				CLANG_WARN_BLOCK_CAPTURE_AUTORELEASING = YES;
				CLANG_WARN_BOOL_CONVERSION = YES;
				CLANG_WARN_COMMA = YES;
				CLANG_WARN_CONSTANT_CONVERSION = YES;
				CLANG_WARN_DEPRECATED_OBJC_IMPLEMENTATIONS = YES;
				CLANG_WARN_DIRECT_OBJC_ISA_USAGE = YES_ERROR;
				CLANG_WARN_DOCUMENTATION_COMMENTS = YES;
				CLANG_WARN_EMPTY_BODY = YES;
				CLANG_WARN_ENUM_CONVERSION = YES;
				CLANG_WARN_INFINITE_RECURSION = YES;
				CLANG_WARN_INT_CONVERSION = YES;
				CLANG_WARN_NON_LITERAL_NULL_CONVERSION = YES;
				CLANG_WARN_OBJC_IMPLICIT_RETAIN_SELF = YES;
				CLANG_WARN_OBJC_LITERAL_CONVERSION = YES;
				CLANG_WARN_OBJC_ROOT_CLASS = YES_ERROR;
				CLANG_WARN_RANGE_LOOP_ANALYSIS = YES;
				CLANG_WARN_STRICT_PROTOTYPES = YES;
				CLANG_WARN_SUSPICIOUS_MOVE = YES;
				CLANG_WARN_UNGUARDED_AVAILABILITY = YES_AGGRESSIVE;
				CLANG_WARN_UNREACHABLE_CODE = YES;
				CLANG_WARN__DUPLICATE_METHOD_MATCH = YES;
				CODE_SIGN_IDENTITY = "iPhone Developer";
				COPY_PHASE_STRIP = NO;
				DEBUG_INFORMATION_FORMAT = "dwarf-with-dsym";
				ENABLE_NS_ASSERTIONS = NO;
				ENABLE_STRICT_OBJC_MSGSEND = YES;
				GCC_C_LANGUAGE_STANDARD = gnu11;
				GCC_NO_COMMON_BLOCKS = YES;
				GCC_WARN_64_TO_32_BIT_CONVERSION = YES;
				GCC_WARN_ABOUT_RETURN_TYPE = YES_ERROR;
				GCC_WARN_UNDECLARED_SELECTOR = YES;
				GCC_WARN_UNINITIALIZED_AUTOS = YES_AGGRESSIVE;
				GCC_WARN_UNUSED_FUNCTION = YES;
				GCC_WARN_UNUSED_VARIABLE = YES;
				IPHONEOS_DEPLOYMENT_TARGET = 12.2;
				MTL_ENABLE_DEBUG_INFO = NO;
				MTL_FAST_MATH = YES;
				SDKROOT = iphoneos;
				SWIFT_COMPILATION_MODE = wholemodule;
				SWIFT_OBJC_BRIDGING_HEADER = "~/Bridging-Header.h";
				SWIFT_OPTIMIZATION_LEVEL = "-O";
				VALIDATE_PRODUCT = YES;
			};
			name = Release;
		};
		8E4C7CCC231906170015717B /* Debug */ = {
			isa = XCBuildConfiguration;
			buildSettings = {
				ASSETCATALOG_COMPILER_APPICON_NAME = AppIcon;
				CODE_SIGN_STYLE = Automatic;
				DEVELOPMENT_TEAM = 2FVQE295NZ;
				INFOPLIST_FILE = ZomatoApp/Info.plist;
				LD_RUNPATH_SEARCH_PATHS = (
					"$(inherited)",
					"@executable_path/Frameworks",
				);
				PRODUCT_BUNDLE_IDENTIFIER = com.sunasterisk.ZomatoApp;
				PRODUCT_NAME = "$(TARGET_NAME)";
				SWIFT_OBJC_BRIDGING_HEADER = "Bridging-Header.h";
				SWIFT_VERSION = 5.0;
				TARGETED_DEVICE_FAMILY = "1,2";
			};
			name = Debug;
		};
		8E4C7CCD231906170015717B /* Release */ = {
			isa = XCBuildConfiguration;
			buildSettings = {
				ASSETCATALOG_COMPILER_APPICON_NAME = AppIcon;
				CODE_SIGN_STYLE = Automatic;
				DEVELOPMENT_TEAM = 2FVQE295NZ;
				INFOPLIST_FILE = ZomatoApp/Info.plist;
				LD_RUNPATH_SEARCH_PATHS = (
					"$(inherited)",
					"@executable_path/Frameworks",
				);
				PRODUCT_BUNDLE_IDENTIFIER = com.sunasterisk.ZomatoApp;
				PRODUCT_NAME = "$(TARGET_NAME)";
				SWIFT_OBJC_BRIDGING_HEADER = "Bridging-Header.h";
				SWIFT_VERSION = 5.0;
				TARGETED_DEVICE_FAMILY = "1,2";
			};
			name = Release;
		};
/* End XCBuildConfiguration section */

/* Begin XCConfigurationList section */
		8E4C7CB4231906160015717B /* Build configuration list for PBXProject "ZomatoApp" */ = {
			isa = XCConfigurationList;
			buildConfigurations = (
				8E4C7CC9231906170015717B /* Debug */,
				8E4C7CCA231906170015717B /* Release */,
			);
			defaultConfigurationIsVisible = 0;
			defaultConfigurationName = Release;
		};
		8E4C7CCB231906170015717B /* Build configuration list for PBXNativeTarget "ZomatoApp" */ = {
			isa = XCConfigurationList;
			buildConfigurations = (
				8E4C7CCC231906170015717B /* Debug */,
				8E4C7CCD231906170015717B /* Release */,
			);
			defaultConfigurationIsVisible = 0;
			defaultConfigurationName = Release;
		};
/* End XCConfigurationList section */
	};
	rootObject = 8E4C7CB1231906160015717B /* Project object */;
}
