PODS:
  - Alamofire (4.8.2)
  - GoogleMaps (3.4.0):
    - GoogleMaps/Maps (= 3.4.0)
  - GoogleMaps/Base (3.4.0)
  - GoogleMaps/Maps (3.4.0):
    - GoogleMaps/Base
  - GooglePlaces (3.4.0):
    - GoogleMaps/Base (= 3.4.0)
  - Nuke (8.0.1)
  - Reusable (4.1.0):
    - Reusable/Storyboard (= 4.1.0)
    - Reusable/View (= 4.1.0)
  - Reusable/Storyboard (4.1.0)
  - Reusable/View (4.1.0)
  - RxCocoa (5.0.0):
    - RxRelay (~> 5)
    - RxSwift (~> 5)
  - RxRelay (5.0.0):
    - RxSwift (~> 5)
  - RxSwift (5.0.0)
  - SkeletonView (1.7)

DEPENDENCIES:
  - Alamofire
  - GoogleMaps
  - GooglePlaces
  - Nuke
  - Reusable
  - RxCocoa
  - RxSwift
  - SkeletonView

SPEC REPOS:
  https://github.com/CocoaPods/Specs.git:
    - Alamofire
    - Nuke
    - Reusable
    - RxCocoa
    - RxRelay
    - RxSwift
    - SkeletonView
  trunk:
    - GoogleMaps
    - GooglePlaces

SPEC CHECKSUMS:
  Alamofire: ae5c501addb7afdbb13687d7f2f722c78734c2d3
  GoogleMaps: 67f4a604f80dd6a22d09c2a507a3a395b9f23060
  GooglePlaces: 7547289e3fffc8980f4a027be99888e29d59b15d
  Nuke: e6a65472f59c1bfe779cb495760951f0121ef7c0
  Reusable: 82be188f29d96dc5eff0db7b2393bcc08d2cdd5b
  RxCocoa: fcf32050ac00d801f34a7f71d5e8e7f23026dcd8
  RxRelay: 4f7409406a51a55cd88483f21ed898c234d60f18
  RxSwift: 8b0671caa829a763bbce7271095859121cbd895f
  SkeletonView: 7d7378731b708f8a6e6b1ffefb68cc3903f10a03

PODFILE CHECKSUM: dee0d889ad2988b1dcf7a2fd253423e7f88229e9

COCOAPODS: 1.8.1
